
Microsoft Visual Studio Solution File, Format Version 12.00
# Visual Studio 15
VisualStudioVersion = 15.0.28307.572
MinimumVisualStudioVersion = 10.0.40219.1
Project("{FAE04EC0-301F-11D3-BF4B-00C04F79EFBC}") = "App_Empresas", "App_Empresas\App_Empresas.csproj", "{59F8BA3C-9E7F-4369-9815-8D5B05B5003D}"
EndProject
Global
	GlobalSection(SolutionConfigurationPlatforms) = preSolution
		Debug|Any CPU = Debug|Any CPU
		Release|Any CPU = Release|Any CPU
	EndGlobalSection
	GlobalSection(ProjectConfigurationPlatforms) = postSolution
		{59F8BA3C-9E7F-4369-9815-8D5B05B5003D}.Debug|Any CPU.ActiveCfg = Debug|Any CPU
		{59F8BA3C-9E7F-4369-9815-8D5B05B5003D}.Debug|Any CPU.Build.0 = Debug|Any CPU
		{59F8BA3C-9E7F-4369-9815-8D5B05B5003D}.Release|Any CPU.ActiveCfg = Release|Any CPU
		{59F8BA3C-9E7F-4369-9815-8D5B05B5003D}.Release|Any CPU.Build.0 = Release|Any CPU
	EndGlobalSection
	GlobalSection(SolutionProperties) = preSolution
		HideSolutionNode = FALSE
	EndGlobalSection
	GlobalSection(ExtensibilityGlobals) = postSolution
		SolutionGuid = {3471027A-28EC-4BF6-A70F-9ADBABF2D6C6}
	EndGlobalSection
EndGlobal
